
Microsoft Visual Studio Solution File, Format Version 12.00
# Visual Studio Version 16
VisualStudioVersion = 16.0.32413.511
MinimumVisualStudioVersion = 10.0.40219.1
Project("{FAE04EC0-301F-11D3-BF4B-00C04F79EFBC}") = "trabalhoCilene", "trabalhoCilene\trabalhoCilene.csproj", "{BEA64755-18EE-46B4-828D-90D1801E6751}"
EndProject
Global
	GlobalSection(SolutionConfigurationPlatforms) = preSolution
		Debug|Any CPU = Debug|Any CPU
		Release|Any CPU = Release|Any CPU
	EndGlobalSection
	GlobalSection(ProjectConfigurationPlatforms) = postSolution
		{BEA64755-18EE-46B4-828D-90D1801E6751}.Debug|Any CPU.ActiveCfg = Debug|Any CPU
		{BEA64755-18EE-46B4-828D-90D1801E6751}.Debug|Any CPU.Build.0 = Debug|Any CPU
		{BEA64755-18EE-46B4-828D-90D1801E6751}.Release|Any CPU.ActiveCfg = Release|Any CPU
		{BEA64755-18EE-46B4-828D-90D1801E6751}.Release|Any CPU.Build.0 = Release|Any CPU
	EndGlobalSection
	GlobalSection(SolutionProperties) = preSolution
		HideSolutionNode = FALSE
	EndGlobalSection
	GlobalSection(ExtensibilityGlobals) = postSolution
		SolutionGuid = {ABA03FE9-6AB5-48D3-B341-2AFA9F4277C8}
	EndGlobalSection
EndGlobal
